
Microsoft Visual Studio Solution File, Format Version 12.00
# Visual Studio Version 17
VisualStudioVersion = 17.8.34408.163
MinimumVisualStudioVersion = 10.0.40219.1
Project("{9A19103F-16F7-4668-BE54-9A1E7A4F7556}") = "Domain", "Domain\Domain.csproj", "{9616443A-7858-4FB3-9CA3-8131A395F182}"
EndProject
Project("{9A19103F-16F7-4668-BE54-9A1E7A4F7556}") = "Application", "Application\Application.csproj", "{080DF3D5-5AD7-4B68-8569-C829410EADFA}"
EndProject
Project("{9A19103F-16F7-4668-BE54-9A1E7A4F7556}") = "Infrastructure", "Infrastructure\Infrastructure.csproj", "{E30B4105-8250-43D5-B11F-DB81EBAEEAB8}"
EndProject
Project("{9A19103F-16F7-4668-BE54-9A1E7A4F7556}") = "Web Api", "Web Api\Web Api.csproj", "{B178AEF9-143E-489E-BAA6-75ACFB201ECF}"
EndProject
Project("{54A90642-561A-4BB1-A94E-469ADEE60C69}") = "Presentation", "Presentation\Presentation.esproj", "{CF64489E-34B4-4324-A65D-5A94A305AC6F}"
EndProject
Global
	GlobalSection(SolutionConfigurationPlatforms) = preSolution
		Debug|Any CPU = Debug|Any CPU
		Release|Any CPU = Release|Any CPU
	EndGlobalSection
	GlobalSection(ProjectConfigurationPlatforms) = postSolution
		{9616443A-7858-4FB3-9CA3-8131A395F182}.Debug|Any CPU.ActiveCfg = Debug|Any CPU
		{9616443A-7858-4FB3-9CA3-8131A395F182}.Debug|Any CPU.Build.0 = Debug|Any CPU
		{9616443A-7858-4FB3-9CA3-8131A395F182}.Release|Any CPU.ActiveCfg = Release|Any CPU
		{9616443A-7858-4FB3-9CA3-8131A395F182}.Release|Any CPU.Build.0 = Release|Any CPU
		{080DF3D5-5AD7-4B68-8569-C829410EADFA}.Debug|Any CPU.ActiveCfg = Debug|Any CPU
		{080DF3D5-5AD7-4B68-8569-C829410EADFA}.Debug|Any CPU.Build.0 = Debug|Any CPU
		{080DF3D5-5AD7-4B68-8569-C829410EADFA}.Release|Any CPU.ActiveCfg = Release|Any CPU
		{080DF3D5-5AD7-4B68-8569-C829410EADFA}.Release|Any CPU.Build.0 = Release|Any CPU
		{E30B4105-8250-43D5-B11F-DB81EBAEEAB8}.Debug|Any CPU.ActiveCfg = Debug|Any CPU
		{E30B4105-8250-43D5-B11F-DB81EBAEEAB8}.Debug|Any CPU.Build.0 = Debug|Any CPU
		{E30B4105-8250-43D5-B11F-DB81EBAEEAB8}.Release|Any CPU.ActiveCfg = Release|Any CPU
		{E30B4105-8250-43D5-B11F-DB81EBAEEAB8}.Release|Any CPU.Build.0 = Release|Any CPU
		{B178AEF9-143E-489E-BAA6-75ACFB201ECF}.Debug|Any CPU.ActiveCfg = Debug|Any CPU
		{B178AEF9-143E-489E-BAA6-75ACFB201ECF}.Debug|Any CPU.Build.0 = Debug|Any CPU
		{B178AEF9-143E-489E-BAA6-75ACFB201ECF}.Release|Any CPU.ActiveCfg = Release|Any CPU
		{B178AEF9-143E-489E-BAA6-75ACFB201ECF}.Release|Any CPU.Build.0 = Release|Any CPU
		{CF64489E-34B4-4324-A65D-5A94A305AC6F}.Debug|Any CPU.ActiveCfg = Debug|Any CPU
		{CF64489E-34B4-4324-A65D-5A94A305AC6F}.Debug|Any CPU.Build.0 = Debug|Any CPU
		{CF64489E-34B4-4324-A65D-5A94A305AC6F}.Debug|Any CPU.Deploy.0 = Debug|Any CPU
		{CF64489E-34B4-4324-A65D-5A94A305AC6F}.Release|Any CPU.ActiveCfg = Release|Any CPU
		{CF64489E-34B4-4324-A65D-5A94A305AC6F}.Release|Any CPU.Build.0 = Release|Any CPU
		{CF64489E-34B4-4324-A65D-5A94A305AC6F}.Release|Any CPU.Deploy.0 = Release|Any CPU
	EndGlobalSection
	GlobalSection(SolutionProperties) = preSolution
		HideSolutionNode = FALSE
	EndGlobalSection
	GlobalSection(ExtensibilityGlobals) = postSolution
		SolutionGuid = {4C1943D2-65AA-47C5-9935-C5326E39C3EC}
	EndGlobalSection
EndGlobal
